
Microsoft Visual Studio Solution File, Format Version 12.00
# Visual Studio 15
VisualStudioVersion = 15.0.27703.2026
MinimumVisualStudioVersion = 10.0.40219.1
Project("{2150E333-8FDC-42A3-9474-1A3956D46DE8}") = "1.Infrastructure", "1.Infrastructure", "{6DA62F18-79D1-4041-AE1B-879C05443B10}"
EndProject
Project("{2150E333-8FDC-42A3-9474-1A3956D46DE8}") = "2.Core", "2.Core", "{1CC9D033-0615-4AE6-ADE9-BBB56C1E2C2D}"
EndProject
Project("{2150E333-8FDC-42A3-9474-1A3956D46DE8}") = "3.Application", "3.Application", "{18785591-1938-48A4-8265-D15E31452E2B}"
EndProject
Project("{2150E333-8FDC-42A3-9474-1A3956D46DE8}") = "4.Host", "4.Host", "{E4A73B23-F891-4FE5-B8B3-1C0BB295481F}"
EndProject
Project("{2150E333-8FDC-42A3-9474-1A3956D46DE8}") = "5.Test", "5.Test", "{247E471C-645F-4CC4-9DDB-4D9D8358A93C}"
EndProject
Project("{9A19103F-16F7-4668-BE54-9A1E7A4F7556}") = "Mi.Fish.Infrastructure", "Infrastructure\Mi.Fish.Infrastructure\Mi.Fish.Infrastructure.csproj", "{A848D64C-8B1E-4D1B-9026-BB0CDFB8E75F}"
EndProject
Project("{9A19103F-16F7-4668-BE54-9A1E7A4F7556}") = "Mi.Fish.Api", "Host\Mi.Fish.Api\Mi.Fish.Api.csproj", "{AFC658C5-0F70-4826-8C89-337D2018D216}"
EndProject
Project("{9A19103F-16F7-4668-BE54-9A1E7A4F7556}") = "Mi.Fish.Core", "Core\Mi.Fish.Core\Mi.Fish.Core.csproj", "{1370D58F-1ADB-4B30-BD63-2DFC341A952B}"
EndProject
Project("{9A19103F-16F7-4668-BE54-9A1E7A4F7556}") = "Mi.Fish.Application", "Application\Mi.Fish.Application\Mi.Fish.Application.csproj", "{35F5FC82-AD01-484A-8ADB-0110AF6DD901}"
EndProject
Project("{9A19103F-16F7-4668-BE54-9A1E7A4F7556}") = "Mi.Fish.ApplicationDto", "Application\Mi.Fish.ApplicationDto\Mi.Fish.ApplicationDto.csproj", "{62F09B45-3DEA-40DC-8020-AA47FF8F92BB}"
EndProject
Project("{9A19103F-16F7-4668-BE54-9A1E7A4F7556}") = "Mi.Fish.EntityFramework", "Core\Mi.Fish.EntityFramework\Mi.Fish.EntityFramework.csproj", "{9E1BDD69-4A40-4807-BEE9-25CB12DDBCFD}"
EndProject
Project("{9A19103F-16F7-4668-BE54-9A1E7A4F7556}") = "Mi.Fish.Common", "Infrastructure\Mi.Fish.Common\Mi.Fish.Common.csproj", "{4FE68605-244B-4295-91EE-D11BC05A40E2}"
EndProject
Project("{9A19103F-16F7-4668-BE54-9A1E7A4F7556}") = "Mi.Fish.Infrastructure.Api", "Infrastructure\Mi.Fish.Infrastructure.Api\Mi.Fish.Infrastructure.Api.csproj", "{FDD218C2-FEAE-44AB-A035-D82BE4CF1FD0}"
EndProject
Project("{9A19103F-16F7-4668-BE54-9A1E7A4F7556}") = "Mi.Fish.Web", "Mi.Fish.Web\Mi.Fish.Web.csproj", "{5535E384-2F86-4776-BDFF-9A54E0DB7AA6}"
EndProject
Project("{9A19103F-16F7-4668-BE54-9A1E7A4F7556}") = "Mi.Fish.Angular", "Mi.Fish.Angular\Mi.Fish.Angular.csproj", "{4B8E29F2-29D9-40B9-8EE1-56BDB8174508}"
EndProject
Global
	GlobalSection(SolutionConfigurationPlatforms) = preSolution
		Debug|Any CPU = Debug|Any CPU
		Release|Any CPU = Release|Any CPU
	EndGlobalSection
	GlobalSection(ProjectConfigurationPlatforms) = postSolution
		{A848D64C-8B1E-4D1B-9026-BB0CDFB8E75F}.Debug|Any CPU.ActiveCfg = Debug|Any CPU
		{A848D64C-8B1E-4D1B-9026-BB0CDFB8E75F}.Debug|Any CPU.Build.0 = Debug|Any CPU
		{A848D64C-8B1E-4D1B-9026-BB0CDFB8E75F}.Release|Any CPU.ActiveCfg = Release|Any CPU
		{A848D64C-8B1E-4D1B-9026-BB0CDFB8E75F}.Release|Any CPU.Build.0 = Release|Any CPU
		{AFC658C5-0F70-4826-8C89-337D2018D216}.Debug|Any CPU.ActiveCfg = Debug|Any CPU
		{AFC658C5-0F70-4826-8C89-337D2018D216}.Debug|Any CPU.Build.0 = Debug|Any CPU
		{AFC658C5-0F70-4826-8C89-337D2018D216}.Release|Any CPU.ActiveCfg = Release|Any CPU
		{AFC658C5-0F70-4826-8C89-337D2018D216}.Release|Any CPU.Build.0 = Release|Any CPU
		{1370D58F-1ADB-4B30-BD63-2DFC341A952B}.Debug|Any CPU.ActiveCfg = Debug|Any CPU
		{1370D58F-1ADB-4B30-BD63-2DFC341A952B}.Debug|Any CPU.Build.0 = Debug|Any CPU
		{1370D58F-1ADB-4B30-BD63-2DFC341A952B}.Release|Any CPU.ActiveCfg = Release|Any CPU
		{1370D58F-1ADB-4B30-BD63-2DFC341A952B}.Release|Any CPU.Build.0 = Release|Any CPU
		{35F5FC82-AD01-484A-8ADB-0110AF6DD901}.Debug|Any CPU.ActiveCfg = Debug|Any CPU
		{35F5FC82-AD01-484A-8ADB-0110AF6DD901}.Debug|Any CPU.Build.0 = Debug|Any CPU
		{35F5FC82-AD01-484A-8ADB-0110AF6DD901}.Release|Any CPU.ActiveCfg = Release|Any CPU
		{35F5FC82-AD01-484A-8ADB-0110AF6DD901}.Release|Any CPU.Build.0 = Release|Any CPU
		{62F09B45-3DEA-40DC-8020-AA47FF8F92BB}.Debug|Any CPU.ActiveCfg = Debug|Any CPU
		{62F09B45-3DEA-40DC-8020-AA47FF8F92BB}.Debug|Any CPU.Build.0 = Debug|Any CPU
		{62F09B45-3DEA-40DC-8020-AA47FF8F92BB}.Release|Any CPU.ActiveCfg = Release|Any CPU
		{62F09B45-3DEA-40DC-8020-AA47FF8F92BB}.Release|Any CPU.Build.0 = Release|Any CPU
		{9E1BDD69-4A40-4807-BEE9-25CB12DDBCFD}.Debug|Any CPU.ActiveCfg = Debug|Any CPU
		{9E1BDD69-4A40-4807-BEE9-25CB12DDBCFD}.Debug|Any CPU.Build.0 = Debug|Any CPU
		{9E1BDD69-4A40-4807-BEE9-25CB12DDBCFD}.Release|Any CPU.ActiveCfg = Release|Any CPU
		{9E1BDD69-4A40-4807-BEE9-25CB12DDBCFD}.Release|Any CPU.Build.0 = Release|Any CPU
		{4FE68605-244B-4295-91EE-D11BC05A40E2}.Debug|Any CPU.ActiveCfg = Debug|Any CPU
		{4FE68605-244B-4295-91EE-D11BC05A40E2}.Debug|Any CPU.Build.0 = Debug|Any CPU
		{4FE68605-244B-4295-91EE-D11BC05A40E2}.Release|Any CPU.ActiveCfg = Release|Any CPU
		{4FE68605-244B-4295-91EE-D11BC05A40E2}.Release|Any CPU.Build.0 = Release|Any CPU
		{FDD218C2-FEAE-44AB-A035-D82BE4CF1FD0}.Debug|Any CPU.ActiveCfg = Debug|Any CPU
		{FDD218C2-FEAE-44AB-A035-D82BE4CF1FD0}.Debug|Any CPU.Build.0 = Debug|Any CPU
		{FDD218C2-FEAE-44AB-A035-D82BE4CF1FD0}.Release|Any CPU.ActiveCfg = Release|Any CPU
		{FDD218C2-FEAE-44AB-A035-D82BE4CF1FD0}.Release|Any CPU.Build.0 = Release|Any CPU
		{5535E384-2F86-4776-BDFF-9A54E0DB7AA6}.Debug|Any CPU.ActiveCfg = Debug|Any CPU
		{5535E384-2F86-4776-BDFF-9A54E0DB7AA6}.Debug|Any CPU.Build.0 = Debug|Any CPU
		{5535E384-2F86-4776-BDFF-9A54E0DB7AA6}.Release|Any CPU.ActiveCfg = Release|Any CPU
		{5535E384-2F86-4776-BDFF-9A54E0DB7AA6}.Release|Any CPU.Build.0 = Release|Any CPU
		{4B8E29F2-29D9-40B9-8EE1-56BDB8174508}.Debug|Any CPU.ActiveCfg = Debug|Any CPU
		{4B8E29F2-29D9-40B9-8EE1-56BDB8174508}.Debug|Any CPU.Build.0 = Debug|Any CPU
		{4B8E29F2-29D9-40B9-8EE1-56BDB8174508}.Release|Any CPU.ActiveCfg = Release|Any CPU
		{4B8E29F2-29D9-40B9-8EE1-56BDB8174508}.Release|Any CPU.Build.0 = Release|Any CPU
	EndGlobalSection
	GlobalSection(SolutionProperties) = preSolution
		HideSolutionNode = FALSE
	EndGlobalSection
	GlobalSection(NestedProjects) = preSolution
		{A848D64C-8B1E-4D1B-9026-BB0CDFB8E75F} = {6DA62F18-79D1-4041-AE1B-879C05443B10}
		{AFC658C5-0F70-4826-8C89-337D2018D216} = {E4A73B23-F891-4FE5-B8B3-1C0BB295481F}
		{1370D58F-1ADB-4B30-BD63-2DFC341A952B} = {1CC9D033-0615-4AE6-ADE9-BBB56C1E2C2D}
		{35F5FC82-AD01-484A-8ADB-0110AF6DD901} = {18785591-1938-48A4-8265-D15E31452E2B}
		{62F09B45-3DEA-40DC-8020-AA47FF8F92BB} = {18785591-1938-48A4-8265-D15E31452E2B}
		{9E1BDD69-4A40-4807-BEE9-25CB12DDBCFD} = {1CC9D033-0615-4AE6-ADE9-BBB56C1E2C2D}
		{4FE68605-244B-4295-91EE-D11BC05A40E2} = {6DA62F18-79D1-4041-AE1B-879C05443B10}
		{FDD218C2-FEAE-44AB-A035-D82BE4CF1FD0} = {6DA62F18-79D1-4041-AE1B-879C05443B10}
		{5535E384-2F86-4776-BDFF-9A54E0DB7AA6} = {E4A73B23-F891-4FE5-B8B3-1C0BB295481F}
		{4B8E29F2-29D9-40B9-8EE1-56BDB8174508} = {E4A73B23-F891-4FE5-B8B3-1C0BB295481F}
	EndGlobalSection
	GlobalSection(ExtensibilityGlobals) = postSolution
		SolutionGuid = {F7940991-9D46-4D86-A444-00BD633EB2E2}
	EndGlobalSection
EndGlobal
